
Microsoft Visual Studio Solution File, Format Version 12.00
# Visual Studio Version 17
VisualStudioVersion = 17.12.35728.132
MinimumVisualStudioVersion = 10.0.40219.1
Project("{FAE04EC0-301F-11D3-BF4B-00C04F79EFBC}") = "GreetingApplication", "GreetingApplication\GreetingApplication.csproj", "{C932E17D-E4F5-4422-9EAF-B026FC6FC90C}"
EndProject
Project("{FAE04EC0-301F-11D3-BF4B-00C04F79EFBC}") = "BussinessLayer", "BussinessLayer\BussinessLayer.csproj", "{FD14A886-CF39-40D9-A4EA-96EB32780CDB}"
EndProject
Project("{FAE04EC0-301F-11D3-BF4B-00C04F79EFBC}") = "RepositaryLayer", "RepositaryLayer\RepositaryLayer.csproj", "{3115B0C0-64AE-4842-B9A1-F4DB9880D643}"
EndProject
Project("{FAE04EC0-301F-11D3-BF4B-00C04F79EFBC}") = "Modellayer", "Modellayer\Modellayer.csproj", "{1BE70FE2-20C6-4F60-845B-FD6EE4DBD9D8}"
EndProject
Project("{FAE04EC0-301F-11D3-BF4B-00C04F79EFBC}") = "MiddleWare", "MiddleWare\MiddleWare.csproj", "{C5D8D527-8700-4DBC-BEB2-3E621CA35244}"
EndProject
Global
	GlobalSection(SolutionConfigurationPlatforms) = preSolution
		Debug|Any CPU = Debug|Any CPU
		Release|Any CPU = Release|Any CPU
	EndGlobalSection
	GlobalSection(ProjectConfigurationPlatforms) = postSolution
		{C932E17D-E4F5-4422-9EAF-B026FC6FC90C}.Debug|Any CPU.ActiveCfg = Debug|Any CPU
		{C932E17D-E4F5-4422-9EAF-B026FC6FC90C}.Debug|Any CPU.Build.0 = Debug|Any CPU
		{C932E17D-E4F5-4422-9EAF-B026FC6FC90C}.Release|Any CPU.ActiveCfg = Release|Any CPU
		{C932E17D-E4F5-4422-9EAF-B026FC6FC90C}.Release|Any CPU.Build.0 = Release|Any CPU
		{FD14A886-CF39-40D9-A4EA-96EB32780CDB}.Debug|Any CPU.ActiveCfg = Debug|Any CPU
		{FD14A886-CF39-40D9-A4EA-96EB32780CDB}.Debug|Any CPU.Build.0 = Debug|Any CPU
		{FD14A886-CF39-40D9-A4EA-96EB32780CDB}.Release|Any CPU.ActiveCfg = Release|Any CPU
		{FD14A886-CF39-40D9-A4EA-96EB32780CDB}.Release|Any CPU.Build.0 = Release|Any CPU
		{3115B0C0-64AE-4842-B9A1-F4DB9880D643}.Debug|Any CPU.ActiveCfg = Debug|Any CPU
		{3115B0C0-64AE-4842-B9A1-F4DB9880D643}.Debug|Any CPU.Build.0 = Debug|Any CPU
		{3115B0C0-64AE-4842-B9A1-F4DB9880D643}.Release|Any CPU.ActiveCfg = Release|Any CPU
		{3115B0C0-64AE-4842-B9A1-F4DB9880D643}.Release|Any CPU.Build.0 = Release|Any CPU
		{1BE70FE2-20C6-4F60-845B-FD6EE4DBD9D8}.Debug|Any CPU.ActiveCfg = Debug|Any CPU
		{1BE70FE2-20C6-4F60-845B-FD6EE4DBD9D8}.Debug|Any CPU.Build.0 = Debug|Any CPU
		{1BE70FE2-20C6-4F60-845B-FD6EE4DBD9D8}.Release|Any CPU.ActiveCfg = Release|Any CPU
		{1BE70FE2-20C6-4F60-845B-FD6EE4DBD9D8}.Release|Any CPU.Build.0 = Release|Any CPU
		{C5D8D527-8700-4DBC-BEB2-3E621CA35244}.Debug|Any CPU.ActiveCfg = Debug|Any CPU
		{C5D8D527-8700-4DBC-BEB2-3E621CA35244}.Debug|Any CPU.Build.0 = Debug|Any CPU
		{C5D8D527-8700-4DBC-BEB2-3E621CA35244}.Release|Any CPU.ActiveCfg = Release|Any CPU
		{C5D8D527-8700-4DBC-BEB2-3E621CA35244}.Release|Any CPU.Build.0 = Release|Any CPU
	EndGlobalSection
	GlobalSection(SolutionProperties) = preSolution
		HideSolutionNode = FALSE
	EndGlobalSection
EndGlobal
